
Microsoft Visual Studio Solution File, Format Version 11.00
# Visual Studio 2010
Project("{FAE04EC0-301F-11D3-BF4B-00C04F79EFBC}") = "SimpleWebTransport", "SimpleWebTransport.csproj", "{9B529F2B-2B0C-54D3-ED49-E6E000C6A343}"
EndProject
Project("{FAE04EC0-301F-11D3-BF4B-00C04F79EFBC}") = "Mirror", "Mirror.csproj", "{C03DF88F-A3D1-81CD-91A7-1F90D8800A7C}"
EndProject
Project("{FAE04EC0-301F-11D3-BF4B-00C04F79EFBC}") = "Telepathy", "Telepathy.csproj", "{8D13C550-9D78-4524-0E1A-4ABBEC18EA7C}"
EndProject
Project("{FAE04EC0-301F-11D3-BF4B-00C04F79EFBC}") = "Assembly-CSharp", "Assembly-CSharp.csproj", "{8FEDEDC2-695E-9F48-4FB9-44B628138CEC}"
EndProject
Project("{FAE04EC0-301F-11D3-BF4B-00C04F79EFBC}") = "Mirror.Components", "Mirror.Components.csproj", "{D423ADC2-8DB6-1D86-8089-39D22A71A962}"
EndProject
Project("{FAE04EC0-301F-11D3-BF4B-00C04F79EFBC}") = "Mirror.Examples", "Mirror.Examples.csproj", "{D28065EA-F839-D8C4-64C3-4DA5AF0F54F7}"
EndProject
Project("{FAE04EC0-301F-11D3-BF4B-00C04F79EFBC}") = "where-allocations", "where-allocations.csproj", "{C6907227-EC6A-D4C2-B9EC-4D4EACEB0107}"
EndProject
Project("{FAE04EC0-301F-11D3-BF4B-00C04F79EFBC}") = "kcp2k", "kcp2k.csproj", "{77F066E9-FFB0-F9EF-18E0-C90BCCD3F699}"
EndProject
Project("{FAE04EC0-301F-11D3-BF4B-00C04F79EFBC}") = "Mirror.Authenticators", "Mirror.Authenticators.csproj", "{C45413D6-8F40-61D1-58E4-275E5D674438}"
EndProject
Project("{FAE04EC0-301F-11D3-BF4B-00C04F79EFBC}") = "Unity.Mirror.CodeGen", "Unity.Mirror.CodeGen.csproj", "{971DCD47-09CA-52FA-BA62-8303CFA7A89A}"
EndProject
Project("{FAE04EC0-301F-11D3-BF4B-00C04F79EFBC}") = "Mirror.Editor", "Mirror.Editor.csproj", "{9A8281E2-204D-5EA3-0F42-885E149A6D44}"
EndProject
Project("{FAE04EC0-301F-11D3-BF4B-00C04F79EFBC}") = "Mirror.CompilerSymbols", "Mirror.CompilerSymbols.csproj", "{44FBCBF9-43EA-28C8-35A3-724730675EB2}"
EndProject
Global
	GlobalSection(SolutionConfigurationPlatforms) = preSolution
		Debug|Any CPU = Debug|Any CPU
		Release|Any CPU = Release|Any CPU
	EndGlobalSection
	GlobalSection(ProjectConfigurationPlatforms) = postSolution
		{9B529F2B-2B0C-54D3-ED49-E6E000C6A343}.Debug|Any CPU.ActiveCfg = Debug|Any CPU
		{9B529F2B-2B0C-54D3-ED49-E6E000C6A343}.Debug|Any CPU.Build.0 = Debug|Any CPU
		{9B529F2B-2B0C-54D3-ED49-E6E000C6A343}.Release|Any CPU.ActiveCfg = Release|Any CPU
		{9B529F2B-2B0C-54D3-ED49-E6E000C6A343}.Release|Any CPU.Build.0 = Release|Any CPU
		{C03DF88F-A3D1-81CD-91A7-1F90D8800A7C}.Debug|Any CPU.ActiveCfg = Debug|Any CPU
		{C03DF88F-A3D1-81CD-91A7-1F90D8800A7C}.Debug|Any CPU.Build.0 = Debug|Any CPU
		{C03DF88F-A3D1-81CD-91A7-1F90D8800A7C}.Release|Any CPU.ActiveCfg = Release|Any CPU
		{C03DF88F-A3D1-81CD-91A7-1F90D8800A7C}.Release|Any CPU.Build.0 = Release|Any CPU
		{8D13C550-9D78-4524-0E1A-4ABBEC18EA7C}.Debug|Any CPU.ActiveCfg = Debug|Any CPU
		{8D13C550-9D78-4524-0E1A-4ABBEC18EA7C}.Debug|Any CPU.Build.0 = Debug|Any CPU
		{8D13C550-9D78-4524-0E1A-4ABBEC18EA7C}.Release|Any CPU.ActiveCfg = Release|Any CPU
		{8D13C550-9D78-4524-0E1A-4ABBEC18EA7C}.Release|Any CPU.Build.0 = Release|Any CPU
		{8FEDEDC2-695E-9F48-4FB9-44B628138CEC}.Debug|Any CPU.ActiveCfg = Debug|Any CPU
		{8FEDEDC2-695E-9F48-4FB9-44B628138CEC}.Debug|Any CPU.Build.0 = Debug|Any CPU
		{8FEDEDC2-695E-9F48-4FB9-44B628138CEC}.Release|Any CPU.ActiveCfg = Release|Any CPU
		{8FEDEDC2-695E-9F48-4FB9-44B628138CEC}.Release|Any CPU.Build.0 = Release|Any CPU
		{D423ADC2-8DB6-1D86-8089-39D22A71A962}.Debug|Any CPU.ActiveCfg = Debug|Any CPU
		{D423ADC2-8DB6-1D86-8089-39D22A71A962}.Debug|Any CPU.Build.0 = Debug|Any CPU
		{D423ADC2-8DB6-1D86-8089-39D22A71A962}.Release|Any CPU.ActiveCfg = Release|Any CPU
		{D423ADC2-8DB6-1D86-8089-39D22A71A962}.Release|Any CPU.Build.0 = Release|Any CPU
		{D28065EA-F839-D8C4-64C3-4DA5AF0F54F7}.Debug|Any CPU.ActiveCfg = Debug|Any CPU
		{D28065EA-F839-D8C4-64C3-4DA5AF0F54F7}.Debug|Any CPU.Build.0 = Debug|Any CPU
		{D28065EA-F839-D8C4-64C3-4DA5AF0F54F7}.Release|Any CPU.ActiveCfg = Release|Any CPU
		{D28065EA-F839-D8C4-64C3-4DA5AF0F54F7}.Release|Any CPU.Build.0 = Release|Any CPU
		{C6907227-EC6A-D4C2-B9EC-4D4EACEB0107}.Debug|Any CPU.ActiveCfg = Debug|Any CPU
		{C6907227-EC6A-D4C2-B9EC-4D4EACEB0107}.Debug|Any CPU.Build.0 = Debug|Any CPU
		{C6907227-EC6A-D4C2-B9EC-4D4EACEB0107}.Release|Any CPU.ActiveCfg = Release|Any CPU
		{C6907227-EC6A-D4C2-B9EC-4D4EACEB0107}.Release|Any CPU.Build.0 = Release|Any CPU
		{77F066E9-FFB0-F9EF-18E0-C90BCCD3F699}.Debug|Any CPU.ActiveCfg = Debug|Any CPU
		{77F066E9-FFB0-F9EF-18E0-C90BCCD3F699}.Debug|Any CPU.Build.0 = Debug|Any CPU
		{77F066E9-FFB0-F9EF-18E0-C90BCCD3F699}.Release|Any CPU.ActiveCfg = Release|Any CPU
		{77F066E9-FFB0-F9EF-18E0-C90BCCD3F699}.Release|Any CPU.Build.0 = Release|Any CPU
		{C45413D6-8F40-61D1-58E4-275E5D674438}.Debug|Any CPU.ActiveCfg = Debug|Any CPU
		{C45413D6-8F40-61D1-58E4-275E5D674438}.Debug|Any CPU.Build.0 = Debug|Any CPU
		{C45413D6-8F40-61D1-58E4-275E5D674438}.Release|Any CPU.ActiveCfg = Release|Any CPU
		{C45413D6-8F40-61D1-58E4-275E5D674438}.Release|Any CPU.Build.0 = Release|Any CPU
		{971DCD47-09CA-52FA-BA62-8303CFA7A89A}.Debug|Any CPU.ActiveCfg = Debug|Any CPU
		{971DCD47-09CA-52FA-BA62-8303CFA7A89A}.Debug|Any CPU.Build.0 = Debug|Any CPU
		{971DCD47-09CA-52FA-BA62-8303CFA7A89A}.Release|Any CPU.ActiveCfg = Release|Any CPU
		{971DCD47-09CA-52FA-BA62-8303CFA7A89A}.Release|Any CPU.Build.0 = Release|Any CPU
		{9A8281E2-204D-5EA3-0F42-885E149A6D44}.Debug|Any CPU.ActiveCfg = Debug|Any CPU
		{9A8281E2-204D-5EA3-0F42-885E149A6D44}.Debug|Any CPU.Build.0 = Debug|Any CPU
		{9A8281E2-204D-5EA3-0F42-885E149A6D44}.Release|Any CPU.ActiveCfg = Release|Any CPU
		{9A8281E2-204D-5EA3-0F42-885E149A6D44}.Release|Any CPU.Build.0 = Release|Any CPU
		{44FBCBF9-43EA-28C8-35A3-724730675EB2}.Debug|Any CPU.ActiveCfg = Debug|Any CPU
		{44FBCBF9-43EA-28C8-35A3-724730675EB2}.Debug|Any CPU.Build.0 = Debug|Any CPU
		{44FBCBF9-43EA-28C8-35A3-724730675EB2}.Release|Any CPU.ActiveCfg = Release|Any CPU
		{44FBCBF9-43EA-28C8-35A3-724730675EB2}.Release|Any CPU.Build.0 = Release|Any CPU
	EndGlobalSection
	GlobalSection(SolutionProperties) = preSolution
		HideSolutionNode = FALSE
	EndGlobalSection
EndGlobal
